
Microsoft Visual Studio Solution File, Format Version 12.00
# Visual Studio Version 17
VisualStudioVersion = 17.2.32616.157
MinimumVisualStudioVersion = 10.0.40219.1
Project("{9A19103F-16F7-4668-BE54-9A1E7A4F7556}") = "ShoppingListApp", "ShoppingListApp\ShoppingListApp.csproj", "{F8B8B89C-9518-4036-B5AA-9FD54FADB35F}"
EndProject
Project("{9A19103F-16F7-4668-BE54-9A1E7A4F7556}") = "DataAccessLibrary", "DataAccessLibrary\DataAccessLibrary.csproj", "{88E1CDD7-D3D9-455B-8AE6-5F084AA93044}"
EndProject
Global
	GlobalSection(SolutionConfigurationPlatforms) = preSolution
		Debug|Any CPU = Debug|Any CPU
		Release|Any CPU = Release|Any CPU
	EndGlobalSection
	GlobalSection(ProjectConfigurationPlatforms) = postSolution
		{F8B8B89C-9518-4036-B5AA-9FD54FADB35F}.Debug|Any CPU.ActiveCfg = Debug|Any CPU
		{F8B8B89C-9518-4036-B5AA-9FD54FADB35F}.Debug|Any CPU.Build.0 = Debug|Any CPU
		{F8B8B89C-9518-4036-B5AA-9FD54FADB35F}.Release|Any CPU.ActiveCfg = Release|Any CPU
		{F8B8B89C-9518-4036-B5AA-9FD54FADB35F}.Release|Any CPU.Build.0 = Release|Any CPU
		{88E1CDD7-D3D9-455B-8AE6-5F084AA93044}.Debug|Any CPU.ActiveCfg = Debug|Any CPU
		{88E1CDD7-D3D9-455B-8AE6-5F084AA93044}.Debug|Any CPU.Build.0 = Debug|Any CPU
		{88E1CDD7-D3D9-455B-8AE6-5F084AA93044}.Release|Any CPU.ActiveCfg = Release|Any CPU
		{88E1CDD7-D3D9-455B-8AE6-5F084AA93044}.Release|Any CPU.Build.0 = Release|Any CPU
	EndGlobalSection
	GlobalSection(SolutionProperties) = preSolution
		HideSolutionNode = FALSE
	EndGlobalSection
	GlobalSection(ExtensibilityGlobals) = postSolution
		SolutionGuid = {24A087F1-7270-4FF9-8241-9FAAF3498E66}
	EndGlobalSection
EndGlobal
